
Microsoft Visual Studio Solution File, Format Version 12.00
# Visual Studio Version 16
VisualStudioVersion = 16.0.30225.117
MinimumVisualStudioVersion = 10.0.40219.1
Project("{FAE04EC0-301F-11D3-BF4B-00C04F79EFBC}") = "WindowsFormsApp113", "WindowsFormsApp113\WindowsFormsApp113.csproj", "{0E2FAE0B-36C3-4929-8B0E-03A308D01A4A}"
EndProject
Global
	GlobalSection(SolutionConfigurationPlatforms) = preSolution
		Debug|Any CPU = Debug|Any CPU
		Release|Any CPU = Release|Any CPU
	EndGlobalSection
	GlobalSection(ProjectConfigurationPlatforms) = postSolution
		{0E2FAE0B-36C3-4929-8B0E-03A308D01A4A}.Debug|Any CPU.ActiveCfg = Debug|Any CPU
		{0E2FAE0B-36C3-4929-8B0E-03A308D01A4A}.Debug|Any CPU.Build.0 = Debug|Any CPU
		{0E2FAE0B-36C3-4929-8B0E-03A308D01A4A}.Release|Any CPU.ActiveCfg = Release|Any CPU
		{0E2FAE0B-36C3-4929-8B0E-03A308D01A4A}.Release|Any CPU.Build.0 = Release|Any CPU
	EndGlobalSection
	GlobalSection(SolutionProperties) = preSolution
		HideSolutionNode = FALSE
	EndGlobalSection
	GlobalSection(ExtensibilityGlobals) = postSolution
		SolutionGuid = {E7B33DCA-99DB-402D-BC63-D8F4BE6C6F1C}
	EndGlobalSection
EndGlobal
